// !$*UTF8*$!
{
	archiveVersion = 1;
	classes = {
	};
	objectVersion = 54;
	objects = {

/* Begin PBXBuildFile section */
		04B96E3864831B3DB5BB0A0C /* Pods_PoliplannerTests.framework in Frameworks */ = {isa = PBXBuildFile; fileRef = 55AA755EFD865DC12D18283B /* Pods_PoliplannerTests.framework */; };
		17E892547BE8CF2852FBF820 /* Pods_Poliplanner_PoliplannerUITests.framework in Frameworks */ = {isa = PBXBuildFile; fileRef = 4F658E1F230C421D58827221 /* Pods_Poliplanner_PoliplannerUITests.framework */; };
		5600BC4C25789B160042580F /* Array+CarreraSigla.swift in Sources */ = {isa = PBXBuildFile; fileRef = 5600BC4B25789B160042580F /* Array+CarreraSigla.swift */; };
		560D6A30257BF8EC007DD904 /* EstadoHorario.swift in Sources */ = {isa = PBXBuildFile; fileRef = 560D6A2F257BF8EC007DD904 /* EstadoHorario.swift */; };
		560D6A36257BFA49007DD904 /* SeleccionarMateriasViewModel.swift in Sources */ = {isa = PBXBuildFile; fileRef = 560D6A35257BFA49007DD904 /* SeleccionarMateriasViewModel.swift */; };
		561127C12578458800F9AA03 /* CarreraSigla.swift in Sources */ = {isa = PBXBuildFile; fileRef = 561127C02578458800F9AA03 /* CarreraSigla.swift */; };
		561127C825785DB200F9AA03 /* XLSXHorarioParser.swift in Sources */ = {isa = PBXBuildFile; fileRef = 561127C725785DB200F9AA03 /* XLSXHorarioParser.swift */; };
		561127D125785DEB00F9AA03 /* ArchivoHorarioParser.swift in Sources */ = {isa = PBXBuildFile; fileRef = 561127D025785DEB00F9AA03 /* ArchivoHorarioParser.swift */; };
		561127D625786B5500F9AA03 /* ArchivoHorarioParserError.swift in Sources */ = {isa = PBXBuildFile; fileRef = 561127D525786B5500F9AA03 /* ArchivoHorarioParserError.swift */; };
		561A4B98257B1E8F00BE9EE3 /* ArmarSeleccionarCarrera.swift in Sources */ = {isa = PBXBuildFile; fileRef = 561A4B97257B1E8F00BE9EE3 /* ArmarSeleccionarCarrera.swift */; };
		5620D1EC257BE34D0073F555 /* ArmarSeleccionarMaterias.swift in Sources */ = {isa = PBXBuildFile; fileRef = 5620D1EB257BE34D0073F555 /* ArmarSeleccionarMaterias.swift */; };
		565152AA25712DC30073C3CA /* HorarioCarrera.swift in Sources */ = {isa = PBXBuildFile; fileRef = 565152A925712DC30073C3CA /* HorarioCarrera.swift */; };
		565152AF25712E790073C3CA /* HorarioClase.swift in Sources */ = {isa = PBXBuildFile; fileRef = 565152AE25712E790073C3CA /* HorarioClase.swift */; };
		565BDE212576DDCC00BE3ABD /* HorarioClaseView.swift in Sources */ = {isa = PBXBuildFile; fileRef = 565BDE202576DDCC00BE3ABD /* HorarioClaseView.swift */; };
		56638CDA257AAD8700FCC9A8 /* DiaClase.swift in Sources */ = {isa = PBXBuildFile; fileRef = 56638CD9257AAD8700FCC9A8 /* DiaClase.swift */; };
		566F1D15257810F40057B2B3 /* ConfiguracionView.swift in Sources */ = {isa = PBXBuildFile; fileRef = 566F1D14257810F40057B2B3 /* ConfiguracionView.swift */; };
		567D7E532576E79100D84902 /* HorarioClaseViewModel.swift in Sources */ = {isa = PBXBuildFile; fileRef = 567D7E522576E79100D84902 /* HorarioClaseViewModel.swift */; };
		567D7E632576EAE300D84902 /* MenuArmarHorarioView.swift in Sources */ = {isa = PBXBuildFile; fileRef = 567D7E622576EAE300D84902 /* MenuArmarHorarioView.swift */; };
		568DC7762575D3C100CF4106 /* RealmProvider.swift in Sources */ = {isa = PBXBuildFile; fileRef = 568DC7752575D3C100CF4106 /* RealmProvider.swift */; };
		568E7CDC25759E7E008979C6 /* PoliplannerStore.swift in Sources */ = {isa = PBXBuildFile; fileRef = 568E7CDB25759E7E008979C6 /* PoliplannerStore.swift */; };
		56A6184025707C0F00346419 /* Asignatura.swift in Sources */ = {isa = PBXBuildFile; fileRef = 56A6183F25707C0F00346419 /* Asignatura.swift */; };
		56A6184525707CFB00346419 /* Carrera.swift in Sources */ = {isa = PBXBuildFile; fileRef = 56A6184425707CFB00346419 /* Carrera.swift */; };
		56A6184A25707DBA00346419 /* Examen.swift in Sources */ = {isa = PBXBuildFile; fileRef = 56A6184925707DBA00346419 /* Examen.swift */; };
		56A6184F25707E8000346419 /* Revision.swift in Sources */ = {isa = PBXBuildFile; fileRef = 56A6184E25707E8000346419 /* Revision.swift */; };
		56A618542570806600346419 /* Clase.swift in Sources */ = {isa = PBXBuildFile; fileRef = 56A618532570806600346419 /* Clase.swift */; };
		56A61859257081D700346419 /* Seccion.swift in Sources */ = {isa = PBXBuildFile; fileRef = 56A61858257081D700346419 /* Seccion.swift */; };
		56BE7EE7256F25DB00C65151 /* R.generated.swift in Sources */ = {isa = PBXBuildFile; fileRef = 56BE7EE6256F25DB00C65151 /* R.generated.swift */; };
		56BE7EE8256F25DB00C65151 /* R.generated.swift in Sources */ = {isa = PBXBuildFile; fileRef = 56BE7EE6256F25DB00C65151 /* R.generated.swift */; };
		56BE7EE9256F25DB00C65151 /* R.generated.swift in Sources */ = {isa = PBXBuildFile; fileRef = 56BE7EE6256F25DB00C65151 /* R.generated.swift */; };
		56BE7EF1256F26A500C65151 /* .swiftlint.yml in Resources */ = {isa = PBXBuildFile; fileRef = 56BE7EF0256F26A500C65151 /* .swiftlint.yml */; };
		56BE7EF2256F26A500C65151 /* .swiftlint.yml in Resources */ = {isa = PBXBuildFile; fileRef = 56BE7EF0256F26A500C65151 /* .swiftlint.yml */; };
		56BE7EF3256F26A500C65151 /* .swiftlint.yml in Resources */ = {isa = PBXBuildFile; fileRef = 56BE7EF0256F26A500C65151 /* .swiftlint.yml */; };
		56D4ABAB256EE84D005C971D /* PoliplannerApp.swift in Sources */ = {isa = PBXBuildFile; fileRef = 56D4ABAA256EE84D005C971D /* PoliplannerApp.swift */; };
		56D4ABAD256EE84D005C971D /* ContentView.swift in Sources */ = {isa = PBXBuildFile; fileRef = 56D4ABAC256EE84D005C971D /* ContentView.swift */; };
		56D4ABAF256EE84E005C971D /* Assets.xcassets in Resources */ = {isa = PBXBuildFile; fileRef = 56D4ABAE256EE84E005C971D /* Assets.xcassets */; };
		56D4ABB2256EE84E005C971D /* Preview Assets.xcassets in Resources */ = {isa = PBXBuildFile; fileRef = 56D4ABB1256EE84E005C971D /* Preview Assets.xcassets */; };
		56D4ABBD256EE84E005C971D /* PoliplannerTests.swift in Sources */ = {isa = PBXBuildFile; fileRef = 56D4ABBC256EE84E005C971D /* PoliplannerTests.swift */; };
		56D4ABC8256EE84E005C971D /* PoliplannerUITests.swift in Sources */ = {isa = PBXBuildFile; fileRef = 56D4ABC7256EE84E005C971D /* PoliplannerUITests.swift */; };
		56E2CE04257DC4BA0094333C /* Settings.bundle in Resources */ = {isa = PBXBuildFile; fileRef = 56E2CE03257DC4BA0094333C /* Settings.bundle */; };
		56F5F2D325783FB20066CE24 /* UTType+Excel.swift in Sources */ = {isa = PBXBuildFile; fileRef = 56F5F2D225783FB20066CE24 /* UTType+Excel.swift */; };
		C97E57CA8C004DFDB2472D14 /* Pods_Poliplanner.framework in Frameworks */ = {isa = PBXBuildFile; fileRef = 3901A3A402D7F0C26DFF11BE /* Pods_Poliplanner.framework */; };
/* End PBXBuildFile section */

/* Begin PBXContainerItemProxy section */
		56D4ABB9256EE84E005C971D /* PBXContainerItemProxy */ = {
			isa = PBXContainerItemProxy;
			containerPortal = 56D4AB9F256EE84D005C971D /* Project object */;
			proxyType = 1;
			remoteGlobalIDString = 56D4ABA6256EE84D005C971D;
			remoteInfo = Poliplanner;
		};
		56D4ABC4256EE84E005C971D /* PBXContainerItemProxy */ = {
			isa = PBXContainerItemProxy;
			containerPortal = 56D4AB9F256EE84D005C971D /* Project object */;
			proxyType = 1;
			remoteGlobalIDString = 56D4ABA6256EE84D005C971D;
			remoteInfo = Poliplanner;
		};
/* End PBXContainerItemProxy section */

/* Begin PBXFileReference section */
		3901A3A402D7F0C26DFF11BE /* Pods_Poliplanner.framework */ = {isa = PBXFileReference; explicitFileType = wrapper.framework; includeInIndex = 0; path = Pods_Poliplanner.framework; sourceTree = BUILT_PRODUCTS_DIR; };
		40BBE04DA40BA5D2986ECCDC /* Pods-PoliplannerTests.debug.xcconfig */ = {isa = PBXFileReference; includeInIndex = 1; lastKnownFileType = text.xcconfig; name = "Pods-PoliplannerTests.debug.xcconfig"; path = "Target Support Files/Pods-PoliplannerTests/Pods-PoliplannerTests.debug.xcconfig"; sourceTree = "<group>"; };
		4F658E1F230C421D58827221 /* Pods_Poliplanner_PoliplannerUITests.framework */ = {isa = PBXFileReference; explicitFileType = wrapper.framework; includeInIndex = 0; path = Pods_Poliplanner_PoliplannerUITests.framework; sourceTree = BUILT_PRODUCTS_DIR; };
		55A5015CA529ABB1A5AB0B01 /* Pods-Poliplanner.debug.xcconfig */ = {isa = PBXFileReference; includeInIndex = 1; lastKnownFileType = text.xcconfig; name = "Pods-Poliplanner.debug.xcconfig"; path = "Target Support Files/Pods-Poliplanner/Pods-Poliplanner.debug.xcconfig"; sourceTree = "<group>"; };
		55AA755EFD865DC12D18283B /* Pods_PoliplannerTests.framework */ = {isa = PBXFileReference; explicitFileType = wrapper.framework; includeInIndex = 0; path = Pods_PoliplannerTests.framework; sourceTree = BUILT_PRODUCTS_DIR; };
		5600BC4B25789B160042580F /* Array+CarreraSigla.swift */ = {isa = PBXFileReference; lastKnownFileType = sourcecode.swift; path = "Array+CarreraSigla.swift"; sourceTree = "<group>"; };
		560D6A2F257BF8EC007DD904 /* EstadoHorario.swift */ = {isa = PBXFileReference; lastKnownFileType = sourcecode.swift; path = EstadoHorario.swift; sourceTree = "<group>"; };
		560D6A35257BFA49007DD904 /* SeleccionarMateriasViewModel.swift */ = {isa = PBXFileReference; lastKnownFileType = sourcecode.swift; path = SeleccionarMateriasViewModel.swift; sourceTree = "<group>"; };
		561127C02578458800F9AA03 /* CarreraSigla.swift */ = {isa = PBXFileReference; lastKnownFileType = sourcecode.swift; path = CarreraSigla.swift; sourceTree = "<group>"; };
		561127C725785DB200F9AA03 /* XLSXHorarioParser.swift */ = {isa = PBXFileReference; lastKnownFileType = sourcecode.swift; path = XLSXHorarioParser.swift; sourceTree = "<group>"; };
		561127D025785DEB00F9AA03 /* ArchivoHorarioParser.swift */ = {isa = PBXFileReference; lastKnownFileType = sourcecode.swift; path = ArchivoHorarioParser.swift; sourceTree = "<group>"; };
		561127D525786B5500F9AA03 /* ArchivoHorarioParserError.swift */ = {isa = PBXFileReference; lastKnownFileType = sourcecode.swift; path = ArchivoHorarioParserError.swift; sourceTree = "<group>"; };
		561A4B97257B1E8F00BE9EE3 /* ArmarSeleccionarCarrera.swift */ = {isa = PBXFileReference; lastKnownFileType = sourcecode.swift; path = ArmarSeleccionarCarrera.swift; sourceTree = "<group>"; };
		5620D1EB257BE34D0073F555 /* ArmarSeleccionarMaterias.swift */ = {isa = PBXFileReference; lastKnownFileType = sourcecode.swift; path = ArmarSeleccionarMaterias.swift; sourceTree = "<group>"; };
		562271CA256EED60001AB5C2 /* SwiftUI.framework */ = {isa = PBXFileReference; lastKnownFileType = wrapper.framework; name = SwiftUI.framework; path = Platforms/MacOSX.platform/Developer/SDKs/MacOSX11.0.sdk/System/iOSSupport/System/Library/Frameworks/SwiftUI.framework; sourceTree = DEVELOPER_DIR; };
		565152A925712DC30073C3CA /* HorarioCarrera.swift */ = {isa = PBXFileReference; lastKnownFileType = sourcecode.swift; path = HorarioCarrera.swift; sourceTree = "<group>"; };
		565152AE25712E790073C3CA /* HorarioClase.swift */ = {isa = PBXFileReference; lastKnownFileType = sourcecode.swift; path = HorarioClase.swift; sourceTree = "<group>"; };
		565BDE202576DDCC00BE3ABD /* HorarioClaseView.swift */ = {isa = PBXFileReference; lastKnownFileType = sourcecode.swift; path = HorarioClaseView.swift; sourceTree = "<group>"; };
		56638CD9257AAD8700FCC9A8 /* DiaClase.swift */ = {isa = PBXFileReference; lastKnownFileType = sourcecode.swift; path = DiaClase.swift; sourceTree = "<group>"; };
		566F1D14257810F40057B2B3 /* ConfiguracionView.swift */ = {isa = PBXFileReference; lastKnownFileType = sourcecode.swift; path = ConfiguracionView.swift; sourceTree = "<group>"; };
		567D7E522576E79100D84902 /* HorarioClaseViewModel.swift */ = {isa = PBXFileReference; lastKnownFileType = sourcecode.swift; path = HorarioClaseViewModel.swift; sourceTree = "<group>"; };
		567D7E622576EAE300D84902 /* MenuArmarHorarioView.swift */ = {isa = PBXFileReference; lastKnownFileType = sourcecode.swift; path = MenuArmarHorarioView.swift; sourceTree = "<group>"; };
		568DC7752575D3C100CF4106 /* RealmProvider.swift */ = {isa = PBXFileReference; lastKnownFileType = sourcecode.swift; path = RealmProvider.swift; sourceTree = "<group>"; };
		568E7CDB25759E7E008979C6 /* PoliplannerStore.swift */ = {isa = PBXFileReference; lastKnownFileType = sourcecode.swift; path = PoliplannerStore.swift; sourceTree = "<group>"; };
		56A6183F25707C0F00346419 /* Asignatura.swift */ = {isa = PBXFileReference; lastKnownFileType = sourcecode.swift; path = Asignatura.swift; sourceTree = "<group>"; };
		56A6184425707CFB00346419 /* Carrera.swift */ = {isa = PBXFileReference; lastKnownFileType = sourcecode.swift; path = Carrera.swift; sourceTree = "<group>"; };
		56A6184925707DBA00346419 /* Examen.swift */ = {isa = PBXFileReference; lastKnownFileType = sourcecode.swift; path = Examen.swift; sourceTree = "<group>"; };
		56A6184E25707E8000346419 /* Revision.swift */ = {isa = PBXFileReference; lastKnownFileType = sourcecode.swift; path = Revision.swift; sourceTree = "<group>"; };
		56A618532570806600346419 /* Clase.swift */ = {isa = PBXFileReference; lastKnownFileType = sourcecode.swift; path = Clase.swift; sourceTree = "<group>"; };
		56A61858257081D700346419 /* Seccion.swift */ = {isa = PBXFileReference; lastKnownFileType = sourcecode.swift; path = Seccion.swift; sourceTree = "<group>"; };
		56BE7EE6256F25DB00C65151 /* R.generated.swift */ = {isa = PBXFileReference; fileEncoding = 4; lastKnownFileType = sourcecode.swift; path = R.generated.swift; sourceTree = "<group>"; };
		56BE7EF0256F26A500C65151 /* .swiftlint.yml */ = {isa = PBXFileReference; lastKnownFileType = text.yaml; path = .swiftlint.yml; sourceTree = "<group>"; };
		56D4ABA7256EE84D005C971D /* Poliplanner.app */ = {isa = PBXFileReference; explicitFileType = wrapper.application; includeInIndex = 0; path = Poliplanner.app; sourceTree = BUILT_PRODUCTS_DIR; };
		56D4ABAA256EE84D005C971D /* PoliplannerApp.swift */ = {isa = PBXFileReference; lastKnownFileType = sourcecode.swift; path = PoliplannerApp.swift; sourceTree = "<group>"; };
		56D4ABAC256EE84D005C971D /* ContentView.swift */ = {isa = PBXFileReference; lastKnownFileType = sourcecode.swift; path = ContentView.swift; sourceTree = "<group>"; };
		56D4ABAE256EE84E005C971D /* Assets.xcassets */ = {isa = PBXFileReference; lastKnownFileType = folder.assetcatalog; path = Assets.xcassets; sourceTree = "<group>"; };
		56D4ABB1256EE84E005C971D /* Preview Assets.xcassets */ = {isa = PBXFileReference; lastKnownFileType = folder.assetcatalog; path = "Preview Assets.xcassets"; sourceTree = "<group>"; };
		56D4ABB3256EE84E005C971D /* Info.plist */ = {isa = PBXFileReference; lastKnownFileType = text.plist.xml; path = Info.plist; sourceTree = "<group>"; };
		56D4ABB8256EE84E005C971D /* PoliplannerTests.xctest */ = {isa = PBXFileReference; explicitFileType = wrapper.cfbundle; includeInIndex = 0; path = PoliplannerTests.xctest; sourceTree = BUILT_PRODUCTS_DIR; };
		56D4ABBC256EE84E005C971D /* PoliplannerTests.swift */ = {isa = PBXFileReference; lastKnownFileType = sourcecode.swift; path = PoliplannerTests.swift; sourceTree = "<group>"; };
		56D4ABBE256EE84E005C971D /* Info.plist */ = {isa = PBXFileReference; lastKnownFileType = text.plist.xml; path = Info.plist; sourceTree = "<group>"; };
		56D4ABC3256EE84E005C971D /* PoliplannerUITests.xctest */ = {isa = PBXFileReference; explicitFileType = wrapper.cfbundle; includeInIndex = 0; path = PoliplannerUITests.xctest; sourceTree = BUILT_PRODUCTS_DIR; };
		56D4ABC7256EE84E005C971D /* PoliplannerUITests.swift */ = {isa = PBXFileReference; lastKnownFileType = sourcecode.swift; path = PoliplannerUITests.swift; sourceTree = "<group>"; };
		56D4ABC9256EE84E005C971D /* Info.plist */ = {isa = PBXFileReference; lastKnownFileType = text.plist.xml; path = Info.plist; sourceTree = "<group>"; };
		56D4ABDE256EE9AA005C971D /* Poliplanner.entitlements */ = {isa = PBXFileReference; lastKnownFileType = text.plist.entitlements; path = Poliplanner.entitlements; sourceTree = "<group>"; };
		56E2CE03257DC4BA0094333C /* Settings.bundle */ = {isa = PBXFileReference; lastKnownFileType = "wrapper.plug-in"; path = Settings.bundle; sourceTree = "<group>"; };
		56F5F2D225783FB20066CE24 /* UTType+Excel.swift */ = {isa = PBXFileReference; lastKnownFileType = sourcecode.swift; path = "UTType+Excel.swift"; sourceTree = "<group>"; };
		6FA3FEF05D598636C61A8343 /* Pods-Poliplanner.release.xcconfig */ = {isa = PBXFileReference; includeInIndex = 1; lastKnownFileType = text.xcconfig; name = "Pods-Poliplanner.release.xcconfig"; path = "Target Support Files/Pods-Poliplanner/Pods-Poliplanner.release.xcconfig"; sourceTree = "<group>"; };
		7E0B99390484AABF2198F051 /* Pods-PoliplannerTests.release.xcconfig */ = {isa = PBXFileReference; includeInIndex = 1; lastKnownFileType = text.xcconfig; name = "Pods-PoliplannerTests.release.xcconfig"; path = "Target Support Files/Pods-PoliplannerTests/Pods-PoliplannerTests.release.xcconfig"; sourceTree = "<group>"; };
		AAE8A5118E864AC8A64D73F2 /* Pods-Poliplanner-PoliplannerUITests.release.xcconfig */ = {isa = PBXFileReference; includeInIndex = 1; lastKnownFileType = text.xcconfig; name = "Pods-Poliplanner-PoliplannerUITests.release.xcconfig"; path = "Target Support Files/Pods-Poliplanner-PoliplannerUITests/Pods-Poliplanner-PoliplannerUITests.release.xcconfig"; sourceTree = "<group>"; };
		DF75BE2E0D6F1F7C1C2ABDEE /* Pods-Poliplanner-PoliplannerUITests.debug.xcconfig */ = {isa = PBXFileReference; includeInIndex = 1; lastKnownFileType = text.xcconfig; name = "Pods-Poliplanner-PoliplannerUITests.debug.xcconfig"; path = "Target Support Files/Pods-Poliplanner-PoliplannerUITests/Pods-Poliplanner-PoliplannerUITests.debug.xcconfig"; sourceTree = "<group>"; };
/* End PBXFileReference section */

/* Begin PBXFrameworksBuildPhase section */
		56D4ABA4256EE84D005C971D /* Frameworks */ = {
			isa = PBXFrameworksBuildPhase;
			buildActionMask = 2147483647;
			files = (
				C97E57CA8C004DFDB2472D14 /* Pods_Poliplanner.framework in Frameworks */,
			);
			runOnlyForDeploymentPostprocessing = 0;
		};
		56D4ABB5256EE84E005C971D /* Frameworks */ = {
			isa = PBXFrameworksBuildPhase;
			buildActionMask = 2147483647;
			files = (
				04B96E3864831B3DB5BB0A0C /* Pods_PoliplannerTests.framework in Frameworks */,
			);
			runOnlyForDeploymentPostprocessing = 0;
		};
		56D4ABC0256EE84E005C971D /* Frameworks */ = {
			isa = PBXFrameworksBuildPhase;
			buildActionMask = 2147483647;
			files = (
				17E892547BE8CF2852FBF820 /* Pods_Poliplanner_PoliplannerUITests.framework in Frameworks */,
			);
			runOnlyForDeploymentPostprocessing = 0;
		};
/* End PBXFrameworksBuildPhase section */

/* Begin PBXGroup section */
		1EE0C7C445E03682BB9DD252 /* Pods */ = {
			isa = PBXGroup;
			children = (
				55A5015CA529ABB1A5AB0B01 /* Pods-Poliplanner.debug.xcconfig */,
				6FA3FEF05D598636C61A8343 /* Pods-Poliplanner.release.xcconfig */,
				DF75BE2E0D6F1F7C1C2ABDEE /* Pods-Poliplanner-PoliplannerUITests.debug.xcconfig */,
				AAE8A5118E864AC8A64D73F2 /* Pods-Poliplanner-PoliplannerUITests.release.xcconfig */,
				40BBE04DA40BA5D2986ECCDC /* Pods-PoliplannerTests.debug.xcconfig */,
				7E0B99390484AABF2198F051 /* Pods-PoliplannerTests.release.xcconfig */,
			);
			path = Pods;
			sourceTree = "<group>";
		};
		560D6A34257BFA1D007DD904 /* ArmarHorarioPasos */ = {
			isa = PBXGroup;
			children = (
				560D6A35257BFA49007DD904 /* SeleccionarMateriasViewModel.swift */,
			);
			path = ArmarHorarioPasos;
			sourceTree = "<group>";
		};
		561127BF2578456600F9AA03 /* Enums */ = {
			isa = PBXGroup;
			children = (
				561127C02578458800F9AA03 /* CarreraSigla.swift */,
				561127D525786B5500F9AA03 /* ArchivoHorarioParserError.swift */,
				56638CD9257AAD8700FCC9A8 /* DiaClase.swift */,
				560D6A2F257BF8EC007DD904 /* EstadoHorario.swift */,
			);
			path = Enums;
			sourceTree = "<group>";
		};
		561127C625785D4000F9AA03 /* ExcelParser */ = {
			isa = PBXGroup;
			children = (
				561127C725785DB200F9AA03 /* XLSXHorarioParser.swift */,
			);
			path = ExcelParser;
			sourceTree = "<group>";
		};
		561127CF25785DD700F9AA03 /* Protocols */ = {
			isa = PBXGroup;
			children = (
				561127D025785DEB00F9AA03 /* ArchivoHorarioParser.swift */,
			);
			path = Protocols;
			sourceTree = "<group>";
		};
		561A4B93257B15B000BE9EE3 /* ArmarHorarioPasos */ = {
			isa = PBXGroup;
			children = (
				561A4B97257B1E8F00BE9EE3 /* ArmarSeleccionarCarrera.swift */,
				5620D1EB257BE34D0073F555 /* ArmarSeleccionarMaterias.swift */,
			);
			path = ArmarHorarioPasos;
			sourceTree = "<group>";
		};
		561F158025703408005C1E5F /* Models */ = {
			isa = PBXGroup;
			children = (
				56A6183F25707C0F00346419 /* Asignatura.swift */,
				56A6184425707CFB00346419 /* Carrera.swift */,
				56A6184925707DBA00346419 /* Examen.swift */,
				56A6184E25707E8000346419 /* Revision.swift */,
				56A618532570806600346419 /* Clase.swift */,
				56A61858257081D700346419 /* Seccion.swift */,
				565152A925712DC30073C3CA /* HorarioCarrera.swift */,
				565152AE25712E790073C3CA /* HorarioClase.swift */,
			);
			path = Models;
			sourceTree = "<group>";
		};
		561F15812570340F005C1E5F /* ViewModels */ = {
			isa = PBXGroup;
			children = (
				560D6A34257BFA1D007DD904 /* ArmarHorarioPasos */,
				567D7E512576E77D00D84902 /* Clases */,
				568E7CDB25759E7E008979C6 /* PoliplannerStore.swift */,
			);
			path = ViewModels;
			sourceTree = "<group>";
		};
		561F15822570344E005C1E5F /* Views */ = {
			isa = PBXGroup;
			children = (
				566F1D10257810450057B2B3 /* Configuración */,
				565BDE252576E06B00BE3ABD /* Clases */,
			);
			path = Views;
			sourceTree = "<group>";
		};
		562271C9256EED5F001AB5C2 /* Frameworks */ = {
			isa = PBXGroup;
			children = (
				562271CA256EED60001AB5C2 /* SwiftUI.framework */,
				3901A3A402D7F0C26DFF11BE /* Pods_Poliplanner.framework */,
				4F658E1F230C421D58827221 /* Pods_Poliplanner_PoliplannerUITests.framework */,
				55AA755EFD865DC12D18283B /* Pods_PoliplannerTests.framework */,
			);
			name = Frameworks;
			sourceTree = "<group>";
		};
		565BDE252576E06B00BE3ABD /* Clases */ = {
			isa = PBXGroup;
			children = (
				565BDE202576DDCC00BE3ABD /* HorarioClaseView.swift */,
			);
			path = Clases;
			sourceTree = "<group>";
		};
		566F1D10257810450057B2B3 /* Configuración */ = {
			isa = PBXGroup;
			children = (
				561A4B93257B15B000BE9EE3 /* ArmarHorarioPasos */,
				567D7E622576EAE300D84902 /* MenuArmarHorarioView.swift */,
				566F1D14257810F40057B2B3 /* ConfiguracionView.swift */,
			);
			name = "Configuración";
			path = "Configuración";
			sourceTree = "<group>";
		};
		567D7E512576E77D00D84902 /* Clases */ = {
			isa = PBXGroup;
			children = (
				567D7E522576E79100D84902 /* HorarioClaseViewModel.swift */,
			);
			path = Clases;
			sourceTree = "<group>";
		};
		568DC7732575D39E00CF4106 /* Extensions */ = {
			isa = PBXGroup;
			children = (
				56F5F2D225783FB20066CE24 /* UTType+Excel.swift */,
				5600BC4B25789B160042580F /* Array+CarreraSigla.swift */,
			);
			path = Extensions;
			sourceTree = "<group>";
		};
		568DC7742575D3AB00CF4106 /* Utilities */ = {
			isa = PBXGroup;
			children = (
				561127C625785D4000F9AA03 /* ExcelParser */,
				561127BF2578456600F9AA03 /* Enums */,
				568DC7752575D3C100CF4106 /* RealmProvider.swift */,
			);
			path = Utilities;
			sourceTree = "<group>";
		};
		56D4AB9E256EE84D005C971D = {
			isa = PBXGroup;
			children = (
				56E2CE03257DC4BA0094333C /* Settings.bundle */,
				56BE7EF0256F26A500C65151 /* .swiftlint.yml */,
				56BE7EE6256F25DB00C65151 /* R.generated.swift */,
				56D4ABA9256EE84D005C971D /* Poliplanner */,
				56D4ABBB256EE84E005C971D /* PoliplannerTests */,
				56D4ABC6256EE84E005C971D /* PoliplannerUITests */,
				56D4ABA8256EE84D005C971D /* Products */,
				562271C9256EED5F001AB5C2 /* Frameworks */,
				1EE0C7C445E03682BB9DD252 /* Pods */,
			);
			sourceTree = "<group>";
		};
		56D4ABA8256EE84D005C971D /* Products */ = {
			isa = PBXGroup;
			children = (
				56D4ABA7256EE84D005C971D /* Poliplanner.app */,
				56D4ABB8256EE84E005C971D /* PoliplannerTests.xctest */,
				56D4ABC3256EE84E005C971D /* PoliplannerUITests.xctest */,
			);
			name = Products;
			sourceTree = "<group>";
		};
		56D4ABA9256EE84D005C971D /* Poliplanner */ = {
			isa = PBXGroup;
			children = (
				561127CF25785DD700F9AA03 /* Protocols */,
				568DC7742575D3AB00CF4106 /* Utilities */,
				568DC7732575D39E00CF4106 /* Extensions */,
				561F15822570344E005C1E5F /* Views */,
				561F15812570340F005C1E5F /* ViewModels */,
				561F158025703408005C1E5F /* Models */,
				56D4ABDE256EE9AA005C971D /* Poliplanner.entitlements */,
				56D4ABAA256EE84D005C971D /* PoliplannerApp.swift */,
				56D4ABAC256EE84D005C971D /* ContentView.swift */,
				56D4ABAE256EE84E005C971D /* Assets.xcassets */,
				56D4ABB3256EE84E005C971D /* Info.plist */,
				56D4ABB0256EE84E005C971D /* Preview Content */,
			);
			path = Poliplanner;
			sourceTree = "<group>";
		};
		56D4ABB0256EE84E005C971D /* Preview Content */ = {
			isa = PBXGroup;
			children = (
				56D4ABB1256EE84E005C971D /* Preview Assets.xcassets */,
			);
			path = "Preview Content";
			sourceTree = "<group>";
		};
		56D4ABBB256EE84E005C971D /* PoliplannerTests */ = {
			isa = PBXGroup;
			children = (
				56D4ABBC256EE84E005C971D /* PoliplannerTests.swift */,
				56D4ABBE256EE84E005C971D /* Info.plist */,
			);
			path = PoliplannerTests;
			sourceTree = "<group>";
		};
		56D4ABC6256EE84E005C971D /* PoliplannerUITests */ = {
			isa = PBXGroup;
			children = (
				56D4ABC7256EE84E005C971D /* PoliplannerUITests.swift */,
				56D4ABC9256EE84E005C971D /* Info.plist */,
			);
			path = PoliplannerUITests;
			sourceTree = "<group>";
		};
/* End PBXGroup section */

/* Begin PBXNativeTarget section */
		56D4ABA6256EE84D005C971D /* Poliplanner */ = {
			isa = PBXNativeTarget;
			buildConfigurationList = 56D4ABCC256EE84E005C971D /* Build configuration list for PBXNativeTarget "Poliplanner" */;
			buildPhases = (
				FE102031393DCE117C0018E9 /* [CP] Check Pods Manifest.lock */,
				56BE7EE2256F249500C65151 /* R.swift */,
				56D4ABA3256EE84D005C971D /* Sources */,
				566A0379256F1FD600CA34DA /* SwiftLint */,
				56D4ABA4256EE84D005C971D /* Frameworks */,
				56D4ABA5256EE84D005C971D /* Resources */,
				27C952CA916EC95F94F09C91 /* [CP] Embed Pods Frameworks */,
			);
			buildRules = (
			);
			dependencies = (
			);
			name = Poliplanner;
			productName = Poliplanner;
			productReference = 56D4ABA7256EE84D005C971D /* Poliplanner.app */;
			productType = "com.apple.product-type.application";
		};
		56D4ABB7256EE84E005C971D /* PoliplannerTests */ = {
			isa = PBXNativeTarget;
			buildConfigurationList = 56D4ABCF256EE84E005C971D /* Build configuration list for PBXNativeTarget "PoliplannerTests" */;
			buildPhases = (
				0BEB8FA2E7AE1227282BD771 /* [CP] Check Pods Manifest.lock */,
				56D4ABB4256EE84E005C971D /* Sources */,
				56D4ABB5256EE84E005C971D /* Frameworks */,
				56D4ABB6256EE84E005C971D /* Resources */,
			);
			buildRules = (
			);
			dependencies = (
				56D4ABBA256EE84E005C971D /* PBXTargetDependency */,
			);
			name = PoliplannerTests;
			productName = PoliplannerTests;
			productReference = 56D4ABB8256EE84E005C971D /* PoliplannerTests.xctest */;
			productType = "com.apple.product-type.bundle.unit-test";
		};
		56D4ABC2256EE84E005C971D /* PoliplannerUITests */ = {
			isa = PBXNativeTarget;
			buildConfigurationList = 56D4ABD2256EE84E005C971D /* Build configuration list for PBXNativeTarget "PoliplannerUITests" */;
			buildPhases = (
				AFD6576AD766ACFAFD8E4D69 /* [CP] Check Pods Manifest.lock */,
				56D4ABBF256EE84E005C971D /* Sources */,
				56D4ABC0256EE84E005C971D /* Frameworks */,
				56D4ABC1256EE84E005C971D /* Resources */,
				CAF22178083BE3C06E2DC2F0 /* [CP] Embed Pods Frameworks */,
			);
			buildRules = (
			);
			dependencies = (
				56D4ABC5256EE84E005C971D /* PBXTargetDependency */,
			);
			name = PoliplannerUITests;
			productName = PoliplannerUITests;
			productReference = 56D4ABC3256EE84E005C971D /* PoliplannerUITests.xctest */;
			productType = "com.apple.product-type.bundle.ui-testing";
		};
/* End PBXNativeTarget section */

/* Begin PBXProject section */
		56D4AB9F256EE84D005C971D /* Project object */ = {
			isa = PBXProject;
			attributes = {
				LastSwiftUpdateCheck = 1220;
				LastUpgradeCheck = 1220;
				TargetAttributes = {
					56D4ABA6256EE84D005C971D = {
						CreatedOnToolsVersion = 12.2;
					};
					56D4ABB7256EE84E005C971D = {
						CreatedOnToolsVersion = 12.2;
						TestTargetID = 56D4ABA6256EE84D005C971D;
					};
					56D4ABC2256EE84E005C971D = {
						CreatedOnToolsVersion = 12.2;
						TestTargetID = 56D4ABA6256EE84D005C971D;
					};
				};
			};
			buildConfigurationList = 56D4ABA2256EE84D005C971D /* Build configuration list for PBXProject "Poliplanner" */;
			compatibilityVersion = "Xcode 12.0";
			developmentRegion = en;
			hasScannedForEncodings = 0;
			knownRegions = (
				en,
				Base,
			);
			mainGroup = 56D4AB9E256EE84D005C971D;
			productRefGroup = 56D4ABA8256EE84D005C971D /* Products */;
			projectDirPath = "";
			projectRoot = "";
			targets = (
				56D4ABA6256EE84D005C971D /* Poliplanner */,
				56D4ABB7256EE84E005C971D /* PoliplannerTests */,
				56D4ABC2256EE84E005C971D /* PoliplannerUITests */,
			);
		};
/* End PBXProject section */

/* Begin PBXResourcesBuildPhase section */
		56D4ABA5256EE84D005C971D /* Resources */ = {
			isa = PBXResourcesBuildPhase;
			buildActionMask = 2147483647;
			files = (
				56E2CE04257DC4BA0094333C /* Settings.bundle in Resources */,
				56BE7EF1256F26A500C65151 /* .swiftlint.yml in Resources */,
				56D4ABB2256EE84E005C971D /* Preview Assets.xcassets in Resources */,
				56D4ABAF256EE84E005C971D /* Assets.xcassets in Resources */,
			);
			runOnlyForDeploymentPostprocessing = 0;
		};
		56D4ABB6256EE84E005C971D /* Resources */ = {
			isa = PBXResourcesBuildPhase;
			buildActionMask = 2147483647;
			files = (
				56BE7EF2256F26A500C65151 /* .swiftlint.yml in Resources */,
			);
			runOnlyForDeploymentPostprocessing = 0;
		};
		56D4ABC1256EE84E005C971D /* Resources */ = {
			isa = PBXResourcesBuildPhase;
			buildActionMask = 2147483647;
			files = (
				56BE7EF3256F26A500C65151 /* .swiftlint.yml in Resources */,
			);
			runOnlyForDeploymentPostprocessing = 0;
		};
/* End PBXResourcesBuildPhase section */

/* Begin PBXShellScriptBuildPhase section */
		0BEB8FA2E7AE1227282BD771 /* [CP] Check Pods Manifest.lock */ = {
			isa = PBXShellScriptBuildPhase;
			buildActionMask = 2147483647;
			files = (
			);
			inputFileListPaths = (
			);
			inputPaths = (
				"${PODS_PODFILE_DIR_PATH}/Podfile.lock",
				"${PODS_ROOT}/Manifest.lock",
			);
			name = "[CP] Check Pods Manifest.lock";
			outputFileListPaths = (
			);
			outputPaths = (
				"$(DERIVED_FILE_DIR)/Pods-PoliplannerTests-checkManifestLockResult.txt",
			);
			runOnlyForDeploymentPostprocessing = 0;
			shellPath = /bin/sh;
			shellScript = "diff \"${PODS_PODFILE_DIR_PATH}/Podfile.lock\" \"${PODS_ROOT}/Manifest.lock\" > /dev/null\nif [ $? != 0 ] ; then\n    # print error to STDERR\n    echo \"error: The sandbox is not in sync with the Podfile.lock. Run 'pod install' or update your CocoaPods installation.\" >&2\n    exit 1\nfi\n# This output is used by Xcode 'outputs' to avoid re-running this script phase.\necho \"SUCCESS\" > \"${SCRIPT_OUTPUT_FILE_0}\"\n";
			showEnvVarsInLog = 0;
		};
		27C952CA916EC95F94F09C91 /* [CP] Embed Pods Frameworks */ = {
			isa = PBXShellScriptBuildPhase;
			buildActionMask = 2147483647;
			files = (
			);
			inputFileListPaths = (
				"${PODS_ROOT}/Target Support Files/Pods-Poliplanner/Pods-Poliplanner-frameworks-${CONFIGURATION}-input-files.xcfilelist",
			);
			name = "[CP] Embed Pods Frameworks";
			outputFileListPaths = (
				"${PODS_ROOT}/Target Support Files/Pods-Poliplanner/Pods-Poliplanner-frameworks-${CONFIGURATION}-output-files.xcfilelist",
			);
			runOnlyForDeploymentPostprocessing = 0;
			shellPath = /bin/sh;
			shellScript = "\"${PODS_ROOT}/Target Support Files/Pods-Poliplanner/Pods-Poliplanner-frameworks.sh\"\n";
			showEnvVarsInLog = 0;
		};
		566A0379256F1FD600CA34DA /* SwiftLint */ = {
			isa = PBXShellScriptBuildPhase;
			alwaysOutOfDate = 1;
			buildActionMask = 2147483647;
			files = (
			);
			inputFileListPaths = (
			);
			inputPaths = (
			);
			name = SwiftLint;
			outputFileListPaths = (
			);
			outputPaths = (
			);
			runOnlyForDeploymentPostprocessing = 0;
			shellPath = /bin/sh;
			shellScript = "\"${PODS_ROOT}/SwiftLint/swiftlint\"\n";
		};
		56BE7EE2256F249500C65151 /* R.swift */ = {
			isa = PBXShellScriptBuildPhase;
			buildActionMask = 2147483647;
			files = (
			);
			inputFileListPaths = (
			);
			inputPaths = (
				"$TEMP_DIR/rswift-lastrun",
			);
			name = R.swift;
			outputFileListPaths = (
			);
			outputPaths = (
				$SRCROOT/R.generated.swift,
			);
			runOnlyForDeploymentPostprocessing = 0;
			shellPath = /bin/sh;
			shellScript = "\"$PODS_ROOT/R.swift/rswift\" generate \"$SRCROOT/R.generated.swift\"\n";
		};
		AFD6576AD766ACFAFD8E4D69 /* [CP] Check Pods Manifest.lock */ = {
			isa = PBXShellScriptBuildPhase;
			buildActionMask = 2147483647;
			files = (
			);
			inputFileListPaths = (
			);
			inputPaths = (
				"${PODS_PODFILE_DIR_PATH}/Podfile.lock",
				"${PODS_ROOT}/Manifest.lock",
			);
			name = "[CP] Check Pods Manifest.lock";
			outputFileListPaths = (
			);
			outputPaths = (
				"$(DERIVED_FILE_DIR)/Pods-Poliplanner-PoliplannerUITests-checkManifestLockResult.txt",
			);
			runOnlyForDeploymentPostprocessing = 0;
			shellPath = /bin/sh;
			shellScript = "diff \"${PODS_PODFILE_DIR_PATH}/Podfile.lock\" \"${PODS_ROOT}/Manifest.lock\" > /dev/null\nif [ $? != 0 ] ; then\n    # print error to STDERR\n    echo \"error: The sandbox is not in sync with the Podfile.lock. Run 'pod install' or update your CocoaPods installation.\" >&2\n    exit 1\nfi\n# This output is used by Xcode 'outputs' to avoid re-running this script phase.\necho \"SUCCESS\" > \"${SCRIPT_OUTPUT_FILE_0}\"\n";
			showEnvVarsInLog = 0;
		};
		CAF22178083BE3C06E2DC2F0 /* [CP] Embed Pods Frameworks */ = {
			isa = PBXShellScriptBuildPhase;
			buildActionMask = 2147483647;
			files = (
			);
			inputFileListPaths = (
				"${PODS_ROOT}/Target Support Files/Pods-Poliplanner-PoliplannerUITests/Pods-Poliplanner-PoliplannerUITests-frameworks-${CONFIGURATION}-input-files.xcfilelist",
			);
			name = "[CP] Embed Pods Frameworks";
			outputFileListPaths = (
				"${PODS_ROOT}/Target Support Files/Pods-Poliplanner-PoliplannerUITests/Pods-Poliplanner-PoliplannerUITests-frameworks-${CONFIGURATION}-output-files.xcfilelist",
			);
			runOnlyForDeploymentPostprocessing = 0;
			shellPath = /bin/sh;
			shellScript = "\"${PODS_ROOT}/Target Support Files/Pods-Poliplanner-PoliplannerUITests/Pods-Poliplanner-PoliplannerUITests-frameworks.sh\"\n";
			showEnvVarsInLog = 0;
		};
		FE102031393DCE117C0018E9 /* [CP] Check Pods Manifest.lock */ = {
			isa = PBXShellScriptBuildPhase;
			buildActionMask = 2147483647;
			files = (
			);
			inputFileListPaths = (
			);
			inputPaths = (
				"${PODS_PODFILE_DIR_PATH}/Podfile.lock",
				"${PODS_ROOT}/Manifest.lock",
			);
			name = "[CP] Check Pods Manifest.lock";
			outputFileListPaths = (
			);
			outputPaths = (
				"$(DERIVED_FILE_DIR)/Pods-Poliplanner-checkManifestLockResult.txt",
			);
			runOnlyForDeploymentPostprocessing = 0;
			shellPath = /bin/sh;
			shellScript = "diff \"${PODS_PODFILE_DIR_PATH}/Podfile.lock\" \"${PODS_ROOT}/Manifest.lock\" > /dev/null\nif [ $? != 0 ] ; then\n    # print error to STDERR\n    echo \"error: The sandbox is not in sync with the Podfile.lock. Run 'pod install' or update your CocoaPods installation.\" >&2\n    exit 1\nfi\n# This output is used by Xcode 'outputs' to avoid re-running this script phase.\necho \"SUCCESS\" > \"${SCRIPT_OUTPUT_FILE_0}\"\n";
			showEnvVarsInLog = 0;
		};
/* End PBXShellScriptBuildPhase section */

/* Begin PBXSourcesBuildPhase section */
		56D4ABA3256EE84D005C971D /* Sources */ = {
			isa = PBXSourcesBuildPhase;
			buildActionMask = 2147483647;
			files = (
				56D4ABAD256EE84D005C971D /* ContentView.swift in Sources */,
				561127C12578458800F9AA03 /* CarreraSigla.swift in Sources */,
				565152AF25712E790073C3CA /* HorarioClase.swift in Sources */,
				568E7CDC25759E7E008979C6 /* PoliplannerStore.swift in Sources */,
				56A61859257081D700346419 /* Seccion.swift in Sources */,
				567D7E532576E79100D84902 /* HorarioClaseViewModel.swift in Sources */,
				56D4ABAB256EE84D005C971D /* PoliplannerApp.swift in Sources */,
				561127D625786B5500F9AA03 /* ArchivoHorarioParserError.swift in Sources */,
				5620D1EC257BE34D0073F555 /* ArmarSeleccionarMaterias.swift in Sources */,
				561127D125785DEB00F9AA03 /* ArchivoHorarioParser.swift in Sources */,
				568DC7762575D3C100CF4106 /* RealmProvider.swift in Sources */,
				560D6A36257BFA49007DD904 /* SeleccionarMateriasViewModel.swift in Sources */,
				565BDE212576DDCC00BE3ABD /* HorarioClaseView.swift in Sources */,
				565152AA25712DC30073C3CA /* HorarioCarrera.swift in Sources */,
				56A6184025707C0F00346419 /* Asignatura.swift in Sources */,
				56A6184A25707DBA00346419 /* Examen.swift in Sources */,
				56A6184F25707E8000346419 /* Revision.swift in Sources */,
				567D7E632576EAE300D84902 /* MenuArmarHorarioView.swift in Sources */,
				56BE7EE7256F25DB00C65151 /* R.generated.swift in Sources */,
				566F1D15257810F40057B2B3 /* ConfiguracionView.swift in Sources */,
				5600BC4C25789B160042580F /* Array+CarreraSigla.swift in Sources */,
				56A618542570806600346419 /* Clase.swift in Sources */,
				56F5F2D325783FB20066CE24 /* UTType+Excel.swift in Sources */,
				561127C825785DB200F9AA03 /* XLSXHorarioParser.swift in Sources */,
				56A6184525707CFB00346419 /* Carrera.swift in Sources */,
				560D6A30257BF8EC007DD904 /* EstadoHorario.swift in Sources */,
				56638CDA257AAD8700FCC9A8 /* DiaClase.swift in Sources */,
				561A4B98257B1E8F00BE9EE3 /* ArmarSeleccionarCarrera.swift in Sources */,
			);
			runOnlyForDeploymentPostprocessing = 0;
		};
		56D4ABB4256EE84E005C971D /* Sources */ = {
			isa = PBXSourcesBuildPhase;
			buildActionMask = 2147483647;
			files = (
				56D4ABBD256EE84E005C971D /* PoliplannerTests.swift in Sources */,
				56BE7EE8256F25DB00C65151 /* R.generated.swift in Sources */,
			);
			runOnlyForDeploymentPostprocessing = 0;
		};
		56D4ABBF256EE84E005C971D /* Sources */ = {
			isa = PBXSourcesBuildPhase;
			buildActionMask = 2147483647;
			files = (
				56D4ABC8256EE84E005C971D /* PoliplannerUITests.swift in Sources */,
				56BE7EE9256F25DB00C65151 /* R.generated.swift in Sources */,
			);
			runOnlyForDeploymentPostprocessing = 0;
		};
/* End PBXSourcesBuildPhase section */

/* Begin PBXTargetDependency section */
		56D4ABBA256EE84E005C971D /* PBXTargetDependency */ = {
			isa = PBXTargetDependency;
			target = 56D4ABA6256EE84D005C971D /* Poliplanner */;
			targetProxy = 56D4ABB9256EE84E005C971D /* PBXContainerItemProxy */;
		};
		56D4ABC5256EE84E005C971D /* PBXTargetDependency */ = {
			isa = PBXTargetDependency;
			target = 56D4ABA6256EE84D005C971D /* Poliplanner */;
			targetProxy = 56D4ABC4256EE84E005C971D /* PBXContainerItemProxy */;
		};
/* End PBXTargetDependency section */

/* Begin XCBuildConfiguration section */
		56D4ABCA256EE84E005C971D /* Debug */ = {
			isa = XCBuildConfiguration;
			buildSettings = {
				ALWAYS_SEARCH_USER_PATHS = NO;
				CLANG_ANALYZER_NONNULL = YES;
				CLANG_ANALYZER_NUMBER_OBJECT_CONVERSION = YES_AGGRESSIVE;
				CLANG_CXX_LANGUAGE_STANDARD = "gnu++14";
				CLANG_CXX_LIBRARY = "libc++";
				CLANG_ENABLE_MODULES = YES;
				CLANG_ENABLE_OBJC_ARC = YES;
				CLANG_ENABLE_OBJC_WEAK = YES;
				CLANG_WARN_BLOCK_CAPTURE_AUTORELEASING = YES;
				CLANG_WARN_BOOL_CONVERSION = YES;
				CLANG_WARN_COMMA = YES;
				CLANG_WARN_CONSTANT_CONVERSION = YES;
				CLANG_WARN_DEPRECATED_OBJC_IMPLEMENTATIONS = YES;
				CLANG_WARN_DIRECT_OBJC_ISA_USAGE = YES_ERROR;
				CLANG_WARN_DOCUMENTATION_COMMENTS = YES;
				CLANG_WARN_EMPTY_BODY = YES;
				CLANG_WARN_ENUM_CONVERSION = YES;
				CLANG_WARN_INFINITE_RECURSION = YES;
				CLANG_WARN_INT_CONVERSION = YES;
				CLANG_WARN_NON_LITERAL_NULL_CONVERSION = YES;
				CLANG_WARN_OBJC_IMPLICIT_RETAIN_SELF = YES;
				CLANG_WARN_OBJC_LITERAL_CONVERSION = YES;
				CLANG_WARN_OBJC_ROOT_CLASS = YES_ERROR;
				CLANG_WARN_QUOTED_INCLUDE_IN_FRAMEWORK_HEADER = YES;
				CLANG_WARN_RANGE_LOOP_ANALYSIS = YES;
				CLANG_WARN_STRICT_PROTOTYPES = YES;
				CLANG_WARN_SUSPICIOUS_MOVE = YES;
				CLANG_WARN_UNGUARDED_AVAILABILITY = YES_AGGRESSIVE;
				CLANG_WARN_UNREACHABLE_CODE = YES;
				CLANG_WARN__DUPLICATE_METHOD_MATCH = YES;
				COPY_PHASE_STRIP = NO;
				DEBUG_INFORMATION_FORMAT = dwarf;
				ENABLE_STRICT_OBJC_MSGSEND = YES;
				ENABLE_TESTABILITY = YES;
				GCC_C_LANGUAGE_STANDARD = gnu11;
				GCC_DYNAMIC_NO_PIC = NO;
				GCC_NO_COMMON_BLOCKS = YES;
				GCC_OPTIMIZATION_LEVEL = 0;
				GCC_PREPROCESSOR_DEFINITIONS = (
					"DEBUG=1",
					"$(inherited)",
				);
				GCC_WARN_64_TO_32_BIT_CONVERSION = YES;
				GCC_WARN_ABOUT_RETURN_TYPE = YES_ERROR;
				GCC_WARN_UNDECLARED_SELECTOR = YES;
				GCC_WARN_UNINITIALIZED_AUTOS = YES_AGGRESSIVE;
				GCC_WARN_UNUSED_FUNCTION = YES;
				GCC_WARN_UNUSED_VARIABLE = YES;
				IPHONEOS_DEPLOYMENT_TARGET = 14.2;
				MTL_ENABLE_DEBUG_INFO = INCLUDE_SOURCE;
				MTL_FAST_MATH = YES;
				ONLY_ACTIVE_ARCH = YES;
				SDKROOT = iphoneos;
				SWIFT_ACTIVE_COMPILATION_CONDITIONS = DEBUG;
				SWIFT_OPTIMIZATION_LEVEL = "-Onone";
			};
			name = Debug;
		};
		56D4ABCB256EE84E005C971D /* Release */ = {
			isa = XCBuildConfiguration;
			buildSettings = {
				ALWAYS_SEARCH_USER_PATHS = NO;
				CLANG_ANALYZER_NONNULL = YES;
				CLANG_ANALYZER_NUMBER_OBJECT_CONVERSION = YES_AGGRESSIVE;
				CLANG_CXX_LANGUAGE_STANDARD = "gnu++14";
				CLANG_CXX_LIBRARY = "libc++";
				CLANG_ENABLE_MODULES = YES;
				CLANG_ENABLE_OBJC_ARC = YES;
				CLANG_ENABLE_OBJC_WEAK = YES;
				CLANG_WARN_BLOCK_CAPTURE_AUTORELEASING = YES;
				CLANG_WARN_BOOL_CONVERSION = YES;
				CLANG_WARN_COMMA = YES;
				CLANG_WARN_CONSTANT_CONVERSION = YES;
				CLANG_WARN_DEPRECATED_OBJC_IMPLEMENTATIONS = YES;
				CLANG_WARN_DIRECT_OBJC_ISA_USAGE = YES_ERROR;
				CLANG_WARN_DOCUMENTATION_COMMENTS = YES;
				CLANG_WARN_EMPTY_BODY = YES;
				CLANG_WARN_ENUM_CONVERSION = YES;
				CLANG_WARN_INFINITE_RECURSION = YES;
				CLANG_WARN_INT_CONVERSION = YES;
				CLANG_WARN_NON_LITERAL_NULL_CONVERSION = YES;
				CLANG_WARN_OBJC_IMPLICIT_RETAIN_SELF = YES;
				CLANG_WARN_OBJC_LITERAL_CONVERSION = YES;
				CLANG_WARN_OBJC_ROOT_CLASS = YES_ERROR;
				CLANG_WARN_QUOTED_INCLUDE_IN_FRAMEWORK_HEADER = YES;
				CLANG_WARN_RANGE_LOOP_ANALYSIS = YES;
				CLANG_WARN_STRICT_PROTOTYPES = YES;
				CLANG_WARN_SUSPICIOUS_MOVE = YES;
				CLANG_WARN_UNGUARDED_AVAILABILITY = YES_AGGRESSIVE;
				CLANG_WARN_UNREACHABLE_CODE = YES;
				CLANG_WARN__DUPLICATE_METHOD_MATCH = YES;
				COPY_PHASE_STRIP = NO;
				DEBUG_INFORMATION_FORMAT = "dwarf-with-dsym";
				ENABLE_NS_ASSERTIONS = NO;
				ENABLE_STRICT_OBJC_MSGSEND = YES;
				GCC_C_LANGUAGE_STANDARD = gnu11;
				GCC_NO_COMMON_BLOCKS = YES;
				GCC_WARN_64_TO_32_BIT_CONVERSION = YES;
				GCC_WARN_ABOUT_RETURN_TYPE = YES_ERROR;
				GCC_WARN_UNDECLARED_SELECTOR = YES;
				GCC_WARN_UNINITIALIZED_AUTOS = YES_AGGRESSIVE;
				GCC_WARN_UNUSED_FUNCTION = YES;
				GCC_WARN_UNUSED_VARIABLE = YES;
				IPHONEOS_DEPLOYMENT_TARGET = 14.2;
				MTL_ENABLE_DEBUG_INFO = NO;
				MTL_FAST_MATH = YES;
				SDKROOT = iphoneos;
				SWIFT_COMPILATION_MODE = wholemodule;
				SWIFT_OPTIMIZATION_LEVEL = "-O";
				VALIDATE_PRODUCT = YES;
			};
			name = Release;
		};
		56D4ABCD256EE84E005C971D /* Debug */ = {
			isa = XCBuildConfiguration;
			baseConfigurationReference = 55A5015CA529ABB1A5AB0B01 /* Pods-Poliplanner.debug.xcconfig */;
			buildSettings = {
				ASSETCATALOG_COMPILER_APPICON_NAME = AppIcon;
				ASSETCATALOG_COMPILER_GLOBAL_ACCENT_COLOR_NAME = AccentColor;
				CODE_SIGN_ENTITLEMENTS = Poliplanner/Poliplanner.entitlements;
				CODE_SIGN_IDENTITY = "Apple Development";
				CODE_SIGN_STYLE = Automatic;
				DEVELOPMENT_ASSET_PATHS = "\"Poliplanner/Preview Content\"";
				DEVELOPMENT_TEAM = DGM32RG83Z;
				ENABLE_PREVIEWS = YES;
				INFOPLIST_FILE = Poliplanner/Info.plist;
				IPHONEOS_DEPLOYMENT_TARGET = 14.0;
				"IPHONEOS_DEPLOYMENT_TARGET[sdk=macosx*]" = 14.2;
				LD_RUNPATH_SEARCH_PATHS = (
					"$(inherited)",
					"@executable_path/Frameworks",
				);
				PRODUCT_BUNDLE_IDENTIFIER = com.mfidabel.Poliplanner;
				PRODUCT_NAME = "$(TARGET_NAME)";
				PROVISIONING_PROFILE_SPECIFIER = "";
				SUPPORTS_MACCATALYST = YES;
				SUPPORTS_MAC_DESIGNED_FOR_IPHONE_IPAD = NO;
				SWIFT_VERSION = 5.0;
				TARGETED_DEVICE_FAMILY = "1,2";
			};
			name = Debug;
		};
		56D4ABCE256EE84E005C971D /* Release */ = {
			isa = XCBuildConfiguration;
			baseConfigurationReference = 6FA3FEF05D598636C61A8343 /* Pods-Poliplanner.release.xcconfig */;
			buildSettings = {
				ASSETCATALOG_COMPILER_APPICON_NAME = AppIcon;
				ASSETCATALOG_COMPILER_GLOBAL_ACCENT_COLOR_NAME = AccentColor;
				CODE_SIGN_ENTITLEMENTS = Poliplanner/Poliplanner.entitlements;
				CODE_SIGN_IDENTITY = "Apple Development";
				CODE_SIGN_STYLE = Automatic;
				DEVELOPMENT_ASSET_PATHS = "\"Poliplanner/Preview Content\"";
				DEVELOPMENT_TEAM = DGM32RG83Z;
				ENABLE_PREVIEWS = YES;
				INFOPLIST_FILE = Poliplanner/Info.plist;
				IPHONEOS_DEPLOYMENT_TARGET = 14.0;
				"IPHONEOS_DEPLOYMENT_TARGET[sdk=macosx*]" = 14.2;
				LD_RUNPATH_SEARCH_PATHS = (
					"$(inherited)",
					"@executable_path/Frameworks",
				);
				PRODUCT_BUNDLE_IDENTIFIER = com.mfidabel.Poliplanner;
				PRODUCT_NAME = "$(TARGET_NAME)";
				PROVISIONING_PROFILE_SPECIFIER = "";
				SUPPORTS_MACCATALYST = YES;
				SUPPORTS_MAC_DESIGNED_FOR_IPHONE_IPAD = NO;
				SWIFT_VERSION = 5.0;
				TARGETED_DEVICE_FAMILY = "1,2";
			};
			name = Release;
		};
		56D4ABD0256EE84E005C971D /* Debug */ = {
			isa = XCBuildConfiguration;
			baseConfigurationReference = 40BBE04DA40BA5D2986ECCDC /* Pods-PoliplannerTests.debug.xcconfig */;
			buildSettings = {
				ALWAYS_EMBED_SWIFT_STANDARD_LIBRARIES = "$(inherited)";
				BUNDLE_LOADER = "$(TEST_HOST)";
				CODE_SIGN_STYLE = Automatic;
				DEVELOPMENT_TEAM = DGM32RG83Z;
				INFOPLIST_FILE = PoliplannerTests/Info.plist;
				IPHONEOS_DEPLOYMENT_TARGET = 14.0;
				LD_RUNPATH_SEARCH_PATHS = (
					"$(inherited)",
					"@executable_path/Frameworks",
					"@loader_path/Frameworks",
				);
				PRODUCT_BUNDLE_IDENTIFIER = com.mfidabel.PoliplannerTests;
				PRODUCT_NAME = "$(TARGET_NAME)";
				SWIFT_VERSION = 5.0;
				TARGETED_DEVICE_FAMILY = "1,2";
				TEST_HOST = "$(BUILT_PRODUCTS_DIR)/Poliplanner.app/Poliplanner";
			};
			name = Debug;
		};
		56D4ABD1256EE84E005C971D /* Release */ = {
			isa = XCBuildConfiguration;
			baseConfigurationReference = 7E0B99390484AABF2198F051 /* Pods-PoliplannerTests.release.xcconfig */;
			buildSettings = {
				ALWAYS_EMBED_SWIFT_STANDARD_LIBRARIES = "$(inherited)";
				BUNDLE_LOADER = "$(TEST_HOST)";
				CODE_SIGN_STYLE = Automatic;
				DEVELOPMENT_TEAM = DGM32RG83Z;
				INFOPLIST_FILE = PoliplannerTests/Info.plist;
				IPHONEOS_DEPLOYMENT_TARGET = 14.0;
				LD_RUNPATH_SEARCH_PATHS = (
					"$(inherited)",
					"@executable_path/Frameworks",
					"@loader_path/Frameworks",
				);
				PRODUCT_BUNDLE_IDENTIFIER = com.mfidabel.PoliplannerTests;
				PRODUCT_NAME = "$(TARGET_NAME)";
				SWIFT_VERSION = 5.0;
				TARGETED_DEVICE_FAMILY = "1,2";
				TEST_HOST = "$(BUILT_PRODUCTS_DIR)/Poliplanner.app/Poliplanner";
			};
			name = Release;
		};
		56D4ABD3256EE84E005C971D /* Debug */ = {
			isa = XCBuildConfiguration;
			baseConfigurationReference = DF75BE2E0D6F1F7C1C2ABDEE /* Pods-Poliplanner-PoliplannerUITests.debug.xcconfig */;
			buildSettings = {
				ALWAYS_EMBED_SWIFT_STANDARD_LIBRARIES = "$(inherited)";
				CODE_SIGN_STYLE = Automatic;
				DEVELOPMENT_TEAM = DGM32RG83Z;
				INFOPLIST_FILE = PoliplannerUITests/Info.plist;
				LD_RUNPATH_SEARCH_PATHS = (
					"$(inherited)",
					"@executable_path/Frameworks",
					"@loader_path/Frameworks",
				);
				PRODUCT_BUNDLE_IDENTIFIER = com.mfidabel.PoliplannerUITests;
				PRODUCT_NAME = "$(TARGET_NAME)";
				SWIFT_VERSION = 5.0;
				TARGETED_DEVICE_FAMILY = "1,2";
				TEST_TARGET_NAME = Poliplanner;
			};
			name = Debug;
		};
		56D4ABD4256EE84E005C971D /* Release */ = {
			isa = XCBuildConfiguration;
			baseConfigurationReference = AAE8A5118E864AC8A64D73F2 /* Pods-Poliplanner-PoliplannerUITests.release.xcconfig */;
			buildSettings = {
				ALWAYS_EMBED_SWIFT_STANDARD_LIBRARIES = "$(inherited)";
				CODE_SIGN_STYLE = Automatic;
				DEVELOPMENT_TEAM = DGM32RG83Z;
				INFOPLIST_FILE = PoliplannerUITests/Info.plist;
				LD_RUNPATH_SEARCH_PATHS = (
					"$(inherited)",
					"@executable_path/Frameworks",
					"@loader_path/Frameworks",
				);
				PRODUCT_BUNDLE_IDENTIFIER = com.mfidabel.PoliplannerUITests;
				PRODUCT_NAME = "$(TARGET_NAME)";
				SWIFT_VERSION = 5.0;
				TARGETED_DEVICE_FAMILY = "1,2";
				TEST_TARGET_NAME = Poliplanner;
			};
			name = Release;
		};
/* End XCBuildConfiguration section */

/* Begin XCConfigurationList section */
		56D4ABA2256EE84D005C971D /* Build configuration list for PBXProject "Poliplanner" */ = {
			isa = XCConfigurationList;
			buildConfigurations = (
				56D4ABCA256EE84E005C971D /* Debug */,
				56D4ABCB256EE84E005C971D /* Release */,
			);
			defaultConfigurationIsVisible = 0;
			defaultConfigurationName = Release;
		};
		56D4ABCC256EE84E005C971D /* Build configuration list for PBXNativeTarget "Poliplanner" */ = {
			isa = XCConfigurationList;
			buildConfigurations = (
				56D4ABCD256EE84E005C971D /* Debug */,
				56D4ABCE256EE84E005C971D /* Release */,
			);
			defaultConfigurationIsVisible = 0;
			defaultConfigurationName = Release;
		};
		56D4ABCF256EE84E005C971D /* Build configuration list for PBXNativeTarget "PoliplannerTests" */ = {
			isa = XCConfigurationList;
			buildConfigurations = (
				56D4ABD0256EE84E005C971D /* Debug */,
				56D4ABD1256EE84E005C971D /* Release */,
			);
			defaultConfigurationIsVisible = 0;
			defaultConfigurationName = Release;
		};
		56D4ABD2256EE84E005C971D /* Build configuration list for PBXNativeTarget "PoliplannerUITests" */ = {
			isa = XCConfigurationList;
			buildConfigurations = (
				56D4ABD3256EE84E005C971D /* Debug */,
				56D4ABD4256EE84E005C971D /* Release */,
			);
			defaultConfigurationIsVisible = 0;
			defaultConfigurationName = Release;
		};
/* End XCConfigurationList section */
	};
	rootObject = 56D4AB9F256EE84D005C971D /* Project object */;
}
